// !$*UTF8*$!
{
	archiveVersion = 1;
	classes = {
	};
	objectVersion = 46;
	objects = {

/* Begin PBXBuildFile section */
		3B0AF93D1D1680B1001A0B7B /* IntentHandler.swift in Sources */ = {isa = PBXBuildFile; fileRef = 3B0AF93C1D1680B1001A0B7B /* IntentHandler.swift */; };
		3B0AF9441D1680B2001A0B7B /* IntentsUI.framework in Frameworks */ = {isa = PBXBuildFile; fileRef = 3B46714D1D164246009375C4 /* IntentsUI.framework */; };
		3B0AF9471D1680B2001A0B7B /* IntentViewController.swift in Sources */ = {isa = PBXBuildFile; fileRef = 3B0AF9461D1680B2001A0B7B /* IntentViewController.swift */; };
		3B0AF94E1D1680B2001A0B7B /* HKSiriExtensionUI.appex in Embed App Extensions */ = {isa = PBXBuildFile; fileRef = 3B0AF9431D1680B2001A0B7B /* HKSiriExtensionUI.appex */; settings = {ATTRIBUTES = (RemoveHeadersOnCopy, ); }; };
		3B0AF9511D1680B2001A0B7B /* HKSiriExtension.appex in Embed App Extensions */ = {isa = PBXBuildFile; fileRef = 3B0AF93A1D1680B1001A0B7B /* HKSiriExtension.appex */; settings = {ATTRIBUTES = (RemoveHeadersOnCopy, ); }; };
		3B0AF95A1D1680D0001A0B7B /* chatmock.png in Resources */ = {isa = PBXBuildFile; fileRef = 3B0AF9581D1680D0001A0B7B /* chatmock.png */; };
		3B0AF95B1D1680D0001A0B7B /* chatmockdraft.png in Resources */ = {isa = PBXBuildFile; fileRef = 3B0AF9591D1680D0001A0B7B /* chatmockdraft.png */; };
		3B0AF95E1D1680F8001A0B7B /* HKChatView.swift in Sources */ = {isa = PBXBuildFile; fileRef = 3B0AF95C1D1680F8001A0B7B /* HKChatView.swift */; };
		3B0AF95F1D1680F8001A0B7B /* HKChatViewController.swift in Sources */ = {isa = PBXBuildFile; fileRef = 3B0AF95D1D1680F8001A0B7B /* HKChatViewController.swift */; };
		3B0AF9611D1681C4001A0B7B /* HKSendMessageIntentHandler.swift in Sources */ = {isa = PBXBuildFile; fileRef = 3B0AF9601D1681C4001A0B7B /* HKSendMessageIntentHandler.swift */; };
		3B0AF9651D1682A5001A0B7B /* houndify-bg.png in Resources */ = {isa = PBXBuildFile; fileRef = 3B0AF9641D1682A5001A0B7B /* houndify-bg.png */; };
		3B0AF9691D168D61001A0B7B /* MainInterface.storyboard in Resources */ = {isa = PBXBuildFile; fileRef = 3B0AF9681D168D61001A0B7B /* MainInterface.storyboard */; };
		3B46712D1D1641D8009375C4 /* AppDelegate.swift in Sources */ = {isa = PBXBuildFile; fileRef = 3B46712C1D1641D8009375C4 /* AppDelegate.swift */; };
		3B46712F1D1641D8009375C4 /* ViewController.swift in Sources */ = {isa = PBXBuildFile; fileRef = 3B46712E1D1641D8009375C4 /* ViewController.swift */; };
		3B4671321D1641D8009375C4 /* Main.storyboard in Resources */ = {isa = PBXBuildFile; fileRef = 3B4671301D1641D8009375C4 /* Main.storyboard */; };
		3B4671341D1641D8009375C4 /* Assets.xcassets in Resources */ = {isa = PBXBuildFile; fileRef = 3B4671331D1641D8009375C4 /* Assets.xcassets */; };
		3B4671371D1641D8009375C4 /* LaunchScreen.storyboard in Resources */ = {isa = PBXBuildFile; fileRef = 3B4671351D1641D8009375C4 /* LaunchScreen.storyboard */; };
		3B472CD31D165070009B70A5 /* HoundKitCore.h in Headers */ = {isa = PBXBuildFile; fileRef = 3B472CD21D165070009B70A5 /* HoundKitCore.h */; settings = {ATTRIBUTES = (Public, ); }; };
		3B472CD71D165070009B70A5 /* HoundKitCore.framework in Frameworks */ = {isa = PBXBuildFile; fileRef = 3B472CD01D165070009B70A5 /* HoundKitCore.framework */; };
		3B472CD81D165070009B70A5 /* HoundKitCore.framework in Embed Frameworks */ = {isa = PBXBuildFile; fileRef = 3B472CD01D165070009B70A5 /* HoundKitCore.framework */; settings = {ATTRIBUTES = (CodeSignOnCopy, RemoveHeadersOnCopy, ); }; };
		3B472CDE1D1650EB009B70A5 /* HoundKitCore.swift in Sources */ = {isa = PBXBuildFile; fileRef = 3B472CDD1D1650EB009B70A5 /* HoundKitCore.swift */; };
/* End PBXBuildFile section */

/* Begin PBXContainerItemProxy section */
		3B0AF94C1D1680B2001A0B7B /* PBXContainerItemProxy */ = {
			isa = PBXContainerItemProxy;
			containerPortal = 3B4671211D1641D8009375C4 /* Project object */;
			proxyType = 1;
			remoteGlobalIDString = 3B0AF9421D1680B2001A0B7B;
			remoteInfo = HKSiriExtensionUI;
		};
		3B0AF94F1D1680B2001A0B7B /* PBXContainerItemProxy */ = {
			isa = PBXContainerItemProxy;
			containerPortal = 3B4671211D1641D8009375C4 /* Project object */;
			proxyType = 1;
			remoteGlobalIDString = 3B0AF9391D1680B1001A0B7B;
			remoteInfo = HKSiriExtension;
		};
		3B472CD51D165070009B70A5 /* PBXContainerItemProxy */ = {
			isa = PBXContainerItemProxy;
			containerPortal = 3B4671211D1641D8009375C4 /* Project object */;
			proxyType = 1;
			remoteGlobalIDString = 3B472CCF1D165070009B70A5;
			remoteInfo = HoundKitCore;
		};
/* End PBXContainerItemProxy section */

/* Begin PBXCopyFilesBuildPhase section */
		3B4671621D164246009375C4 /* Embed App Extensions */ = {
			isa = PBXCopyFilesBuildPhase;
			buildActionMask = 2147483647;
			dstPath = "";
			dstSubfolderSpec = 13;
			files = (
				3B0AF9511D1680B2001A0B7B /* HKSiriExtension.appex in Embed App Extensions */,
				3B0AF94E1D1680B2001A0B7B /* HKSiriExtensionUI.appex in Embed App Extensions */,
			);
			name = "Embed App Extensions";
			runOnlyForDeploymentPostprocessing = 0;
		};
		3B472CDC1D165070009B70A5 /* Embed Frameworks */ = {
			isa = PBXCopyFilesBuildPhase;
			buildActionMask = 2147483647;
			dstPath = "";
			dstSubfolderSpec = 10;
			files = (
				3B472CD81D165070009B70A5 /* HoundKitCore.framework in Embed Frameworks */,
			);
			name = "Embed Frameworks";
			runOnlyForDeploymentPostprocessing = 0;
		};
/* End PBXCopyFilesBuildPhase section */

/* Begin PBXFileReference section */
		3B0AF93A1D1680B1001A0B7B /* HKSiriExtension.appex */ = {isa = PBXFileReference; explicitFileType = "wrapper.app-extension"; includeInIndex = 0; path = HKSiriExtension.appex; sourceTree = BUILT_PRODUCTS_DIR; };
		3B0AF93C1D1680B1001A0B7B /* IntentHandler.swift */ = {isa = PBXFileReference; lastKnownFileType = sourcecode.swift; path = IntentHandler.swift; sourceTree = "<group>"; };
		3B0AF93E1D1680B2001A0B7B /* Info.plist */ = {isa = PBXFileReference; lastKnownFileType = text.plist.xml; path = Info.plist; sourceTree = "<group>"; };
		3B0AF9431D1680B2001A0B7B /* HKSiriExtensionUI.appex */ = {isa = PBXFileReference; explicitFileType = "wrapper.app-extension"; includeInIndex = 0; path = HKSiriExtensionUI.appex; sourceTree = BUILT_PRODUCTS_DIR; };
		3B0AF9461D1680B2001A0B7B /* IntentViewController.swift */ = {isa = PBXFileReference; lastKnownFileType = sourcecode.swift; path = IntentViewController.swift; sourceTree = "<group>"; };
		3B0AF94B1D1680B2001A0B7B /* Info.plist */ = {isa = PBXFileReference; lastKnownFileType = text.plist.xml; path = Info.plist; sourceTree = "<group>"; };
		3B0AF9581D1680D0001A0B7B /* chatmock.png */ = {isa = PBXFileReference; lastKnownFileType = image.png; path = chatmock.png; sourceTree = "<group>"; };
		3B0AF9591D1680D0001A0B7B /* chatmockdraft.png */ = {isa = PBXFileReference; lastKnownFileType = image.png; path = chatmockdraft.png; sourceTree = "<group>"; };
		3B0AF95C1D1680F8001A0B7B /* HKChatView.swift */ = {isa = PBXFileReference; fileEncoding = 4; lastKnownFileType = sourcecode.swift; path = HKChatView.swift; sourceTree = "<group>"; };
		3B0AF95D1D1680F8001A0B7B /* HKChatViewController.swift */ = {isa = PBXFileReference; fileEncoding = 4; lastKnownFileType = sourcecode.swift; path = HKChatViewController.swift; sourceTree = "<group>"; };
		3B0AF9601D1681C4001A0B7B /* HKSendMessageIntentHandler.swift */ = {isa = PBXFileReference; fileEncoding = 4; lastKnownFileType = sourcecode.swift; path = HKSendMessageIntentHandler.swift; sourceTree = "<group>"; };
		3B0AF9641D1682A5001A0B7B /* houndify-bg.png */ = {isa = PBXFileReference; lastKnownFileType = image.png; path = "houndify-bg.png"; sourceTree = "<group>"; };
		3B0AF9681D168D61001A0B7B /* MainInterface.storyboard */ = {isa = PBXFileReference; fileEncoding = 4; lastKnownFileType = file.storyboard; path = MainInterface.storyboard; sourceTree = "<group>"; };
		3B4671291D1641D8009375C4 /* HoundKit.app */ = {isa = PBXFileReference; explicitFileType = wrapper.application; includeInIndex = 0; path = HoundKit.app; sourceTree = BUILT_PRODUCTS_DIR; };
		3B46712C1D1641D8009375C4 /* AppDelegate.swift */ = {isa = PBXFileReference; lastKnownFileType = sourcecode.swift; path = AppDelegate.swift; sourceTree = "<group>"; };
		3B46712E1D1641D8009375C4 /* ViewController.swift */ = {isa = PBXFileReference; lastKnownFileType = sourcecode.swift; path = ViewController.swift; sourceTree = "<group>"; };
		3B4671311D1641D8009375C4 /* Base */ = {isa = PBXFileReference; lastKnownFileType = file.storyboard; name = Base; path = Base.lproj/Main.storyboard; sourceTree = "<group>"; };
		3B4671331D1641D8009375C4 /* Assets.xcassets */ = {isa = PBXFileReference; lastKnownFileType = folder.assetcatalog; path = Assets.xcassets; sourceTree = "<group>"; };
		3B4671361D1641D8009375C4 /* Base */ = {isa = PBXFileReference; lastKnownFileType = file.storyboard; name = Base; path = Base.lproj/LaunchScreen.storyboard; sourceTree = "<group>"; };
		3B4671381D1641D8009375C4 /* Info.plist */ = {isa = PBXFileReference; lastKnownFileType = text.plist.xml; path = Info.plist; sourceTree = "<group>"; };
		3B46714D1D164246009375C4 /* IntentsUI.framework */ = {isa = PBXFileReference; lastKnownFileType = wrapper.framework; name = IntentsUI.framework; path = System/Library/Frameworks/IntentsUI.framework; sourceTree = SDKROOT; };
		3B472CD01D165070009B70A5 /* HoundKitCore.framework */ = {isa = PBXFileReference; explicitFileType = wrapper.framework; includeInIndex = 0; path = HoundKitCore.framework; sourceTree = BUILT_PRODUCTS_DIR; };
		3B472CD21D165070009B70A5 /* HoundKitCore.h */ = {isa = PBXFileReference; lastKnownFileType = sourcecode.c.h; path = HoundKitCore.h; sourceTree = "<group>"; };
		3B472CD41D165070009B70A5 /* Info.plist */ = {isa = PBXFileReference; lastKnownFileType = text.plist.xml; path = Info.plist; sourceTree = "<group>"; };
		3B472CDD1D1650EB009B70A5 /* HoundKitCore.swift */ = {isa = PBXFileReference; fileEncoding = 4; lastKnownFileType = sourcecode.swift; path = HoundKitCore.swift; sourceTree = "<group>"; };
/* End PBXFileReference section */

/* Begin PBXFrameworksBuildPhase section */
		3B0AF9371D1680B1001A0B7B /* Frameworks */ = {
			isa = PBXFrameworksBuildPhase;
			buildActionMask = 2147483647;
			files = (
			);
			runOnlyForDeploymentPostprocessing = 0;
		};
		3B0AF9401D1680B2001A0B7B /* Frameworks */ = {
			isa = PBXFrameworksBuildPhase;
			buildActionMask = 2147483647;
			files = (
				3B0AF9441D1680B2001A0B7B /* IntentsUI.framework in Frameworks */,
			);
			runOnlyForDeploymentPostprocessing = 0;
		};
		3B4671261D1641D8009375C4 /* Frameworks */ = {
			isa = PBXFrameworksBuildPhase;
			buildActionMask = 2147483647;
			files = (
				3B472CD71D165070009B70A5 /* HoundKitCore.framework in Frameworks */,
			);
			runOnlyForDeploymentPostprocessing = 0;
		};
		3B472CCC1D165070009B70A5 /* Frameworks */ = {
			isa = PBXFrameworksBuildPhase;
			buildActionMask = 2147483647;
			files = (
			);
			runOnlyForDeploymentPostprocessing = 0;
		};
/* End PBXFrameworksBuildPhase section */

/* Begin PBXGroup section */
		3B0AF93B1D1680B1001A0B7B /* HKSiriExtension */ = {
			isa = PBXGroup;
			children = (
				3B0AF93C1D1680B1001A0B7B /* IntentHandler.swift */,
				3B0AF9601D1681C4001A0B7B /* HKSendMessageIntentHandler.swift */,
				3B0AF9631D16822D001A0B7B /* Assets */,
			);
			path = HKSiriExtension;
			sourceTree = "<group>";
		};
		3B0AF9451D1680B2001A0B7B /* HKSiriExtensionUI */ = {
			isa = PBXGroup;
			children = (
				3B0AF9461D1680B2001A0B7B /* IntentViewController.swift */,
				3B0AF95C1D1680F8001A0B7B /* HKChatView.swift */,
				3B0AF95D1D1680F8001A0B7B /* HKChatViewController.swift */,
				3B0AF9621D16820F001A0B7B /* Assets */,
			);
			path = HKSiriExtensionUI;
			sourceTree = "<group>";
		};
		3B0AF9621D16820F001A0B7B /* Assets */ = {
			isa = PBXGroup;
			children = (
				3B0AF9681D168D61001A0B7B /* MainInterface.storyboard */,
				3B0AF9641D1682A5001A0B7B /* houndify-bg.png */,
				3B0AF94B1D1680B2001A0B7B /* Info.plist */,
				3B0AF9581D1680D0001A0B7B /* chatmock.png */,
				3B0AF9591D1680D0001A0B7B /* chatmockdraft.png */,
			);
			name = Assets;
			sourceTree = "<group>";
		};
		3B0AF9631D16822D001A0B7B /* Assets */ = {
			isa = PBXGroup;
			children = (
				3B0AF93E1D1680B2001A0B7B /* Info.plist */,
			);
			name = Assets;
			sourceTree = "<group>";
		};
		3B4671201D1641D8009375C4 = {
			isa = PBXGroup;
			children = (
				3B46712B1D1641D8009375C4 /* HoundKit */,
				3B0AF93B1D1680B1001A0B7B /* HKSiriExtension */,
				3B0AF9451D1680B2001A0B7B /* HKSiriExtensionUI */,
				3B46714C1D164246009375C4 /* Frameworks */,
				3B46712A1D1641D8009375C4 /* Products */,
			);
			sourceTree = "<group>";
		};
		3B46712A1D1641D8009375C4 /* Products */ = {
			isa = PBXGroup;
			children = (
				3B4671291D1641D8009375C4 /* HoundKit.app */,
				3B472CD01D165070009B70A5 /* HoundKitCore.framework */,
				3B0AF93A1D1680B1001A0B7B /* HKSiriExtension.appex */,
				3B0AF9431D1680B2001A0B7B /* HKSiriExtensionUI.appex */,
			);
			name = Products;
			sourceTree = "<group>";
		};
		3B46712B1D1641D8009375C4 /* HoundKit */ = {
			isa = PBXGroup;
			children = (
				3B46712C1D1641D8009375C4 /* AppDelegate.swift */,
				3B46712E1D1641D8009375C4 /* ViewController.swift */,
				3B4671301D1641D8009375C4 /* Main.storyboard */,
				3B4671331D1641D8009375C4 /* Assets.xcassets */,
				3B4671351D1641D8009375C4 /* LaunchScreen.storyboard */,
				3B4671381D1641D8009375C4 /* Info.plist */,
			);
			path = HoundKit;
			sourceTree = "<group>";
		};
		3B46714C1D164246009375C4 /* Frameworks */ = {
			isa = PBXGroup;
			children = (
				3B472CD11D165070009B70A5 /* HoundKitCore */,
				3B46714D1D164246009375C4 /* IntentsUI.framework */,
			);
			name = Frameworks;
			sourceTree = "<group>";
		};
		3B472CD11D165070009B70A5 /* HoundKitCore */ = {
			isa = PBXGroup;
			children = (
				3B472CD21D165070009B70A5 /* HoundKitCore.h */,
				3B472CD41D165070009B70A5 /* Info.plist */,
				3B472CDD1D1650EB009B70A5 /* HoundKitCore.swift */,
			);
			path = HoundKitCore;
			sourceTree = "<group>";
		};
/* End PBXGroup section */

/* Begin PBXHeadersBuildPhase section */
		3B472CCD1D165070009B70A5 /* Headers */ = {
			isa = PBXHeadersBuildPhase;
			buildActionMask = 2147483647;
			files = (
				3B472CD31D165070009B70A5 /* HoundKitCore.h in Headers */,
			);
			runOnlyForDeploymentPostprocessing = 0;
		};
/* End PBXHeadersBuildPhase section */

/* Begin PBXNativeTarget section */
		3B0AF9391D1680B1001A0B7B /* HKSiriExtension */ = {
			isa = PBXNativeTarget;
			buildConfigurationList = 3B0AF9551D1680B2001A0B7B /* Build configuration list for PBXNativeTarget "HKSiriExtension" */;
			buildPhases = (
				3B0AF9361D1680B1001A0B7B /* Sources */,
				3B0AF9371D1680B1001A0B7B /* Frameworks */,
				3B0AF9381D1680B1001A0B7B /* Resources */,
			);
			buildRules = (
			);
			dependencies = (
			);
			name = HKSiriExtension;
			productName = HKSiriExtension;
			productReference = 3B0AF93A1D1680B1001A0B7B /* HKSiriExtension.appex */;
			productType = "com.apple.product-type.app-extension";
		};
		3B0AF9421D1680B2001A0B7B /* HKSiriExtensionUI */ = {
			isa = PBXNativeTarget;
			buildConfigurationList = 3B0AF9521D1680B2001A0B7B /* Build configuration list for PBXNativeTarget "HKSiriExtensionUI" */;
			buildPhases = (
				3B0AF93F1D1680B2001A0B7B /* Sources */,
				3B0AF9401D1680B2001A0B7B /* Frameworks */,
				3B0AF9411D1680B2001A0B7B /* Resources */,
			);
			buildRules = (
			);
			dependencies = (
			);
			name = HKSiriExtensionUI;
			productName = HKSiriExtensionUI;
			productReference = 3B0AF9431D1680B2001A0B7B /* HKSiriExtensionUI.appex */;
			productType = "com.apple.product-type.app-extension";
		};
		3B4671281D1641D8009375C4 /* HoundKit */ = {
			isa = PBXNativeTarget;
			buildConfigurationList = 3B46713B1D1641D8009375C4 /* Build configuration list for PBXNativeTarget "HoundKit" */;
			buildPhases = (
				3B4671251D1641D8009375C4 /* Sources */,
				3B4671261D1641D8009375C4 /* Frameworks */,
				3B4671271D1641D8009375C4 /* Resources */,
				3B4671621D164246009375C4 /* Embed App Extensions */,
				3B472CDC1D165070009B70A5 /* Embed Frameworks */,
			);
			buildRules = (
			);
			dependencies = (
				3B472CD61D165070009B70A5 /* PBXTargetDependency */,
				3B0AF94D1D1680B2001A0B7B /* PBXTargetDependency */,
				3B0AF9501D1680B2001A0B7B /* PBXTargetDependency */,
			);
			name = HoundKit;
			productName = HoundKit;
			productReference = 3B4671291D1641D8009375C4 /* HoundKit.app */;
			productType = "com.apple.product-type.application";
		};
		3B472CCF1D165070009B70A5 /* HoundKitCore */ = {
			isa = PBXNativeTarget;
			buildConfigurationList = 3B472CDB1D165070009B70A5 /* Build configuration list for PBXNativeTarget "HoundKitCore" */;
			buildPhases = (
				3B472CCB1D165070009B70A5 /* Sources */,
				3B472CCC1D165070009B70A5 /* Frameworks */,
				3B472CCD1D165070009B70A5 /* Headers */,
				3B472CCE1D165070009B70A5 /* Resources */,
			);
			buildRules = (
			);
			dependencies = (
			);
			name = HoundKitCore;
			productName = HoundKitCore;
			productReference = 3B472CD01D165070009B70A5 /* HoundKitCore.framework */;
			productType = "com.apple.product-type.framework";
		};
/* End PBXNativeTarget section */

/* Begin PBXProject section */
		3B4671211D1641D8009375C4 /* Project object */ = {
			isa = PBXProject;
			attributes = {
				LastSwiftUpdateCheck = 0800;
				LastUpgradeCheck = 0800;
				ORGANIZATIONNAME = "Colin King";
				TargetAttributes = {
					3B0AF9391D1680B1001A0B7B = {
						CreatedOnToolsVersion = 8.0;
						DevelopmentTeam = 33QFCS9J52;
						DevelopmentTeamName = "Colin King (Personal Team)";
						ProvisioningStyle = Automatic;
					};
					3B0AF9421D1680B2001A0B7B = {
						CreatedOnToolsVersion = 8.0;
						DevelopmentTeam = 33QFCS9J52;
						DevelopmentTeamName = "Colin King (Personal Team)";
						ProvisioningStyle = Automatic;
					};
					3B4671281D1641D8009375C4 = {
						CreatedOnToolsVersion = 8.0;
						DevelopmentTeam = 33QFCS9J52;
						DevelopmentTeamName = "Colin King (Personal Team)";
						ProvisioningStyle = Automatic;
					};
					3B472CCF1D165070009B70A5 = {
						CreatedOnToolsVersion = 8.0;
						DevelopmentTeam = 33QFCS9J52;
						DevelopmentTeamName = "Colin King (Personal Team)";
						LastSwiftMigration = 0800;
						ProvisioningStyle = Automatic;
					};
				};
			};
			buildConfigurationList = 3B4671241D1641D8009375C4 /* Build configuration list for PBXProject "HoundKit" */;
			compatibilityVersion = "Xcode 3.2";
			developmentRegion = English;
			hasScannedForEncodings = 0;
			knownRegions = (
				en,
				Base,
			);
			mainGroup = 3B4671201D1641D8009375C4;
			productRefGroup = 3B46712A1D1641D8009375C4 /* Products */;
			projectDirPath = "";
			projectRoot = "";
			targets = (
				3B4671281D1641D8009375C4 /* HoundKit */,
				3B472CCF1D165070009B70A5 /* HoundKitCore */,
				3B0AF9391D1680B1001A0B7B /* HKSiriExtension */,
				3B0AF9421D1680B2001A0B7B /* HKSiriExtensionUI */,
			);
		};
/* End PBXProject section */

/* Begin PBXResourcesBuildPhase section */
		3B0AF9381D1680B1001A0B7B /* Resources */ = {
			isa = PBXResourcesBuildPhase;
			buildActionMask = 2147483647;
			files = (
			);
			runOnlyForDeploymentPostprocessing = 0;
		};
		3B0AF9411D1680B2001A0B7B /* Resources */ = {
			isa = PBXResourcesBuildPhase;
			buildActionMask = 2147483647;
			files = (
				3B0AF95A1D1680D0001A0B7B /* chatmock.png in Resources */,
				3B0AF9691D168D61001A0B7B /* MainInterface.storyboard in Resources */,
				3B0AF9651D1682A5001A0B7B /* houndify-bg.png in Resources */,
				3B0AF95B1D1680D0001A0B7B /* chatmockdraft.png in Resources */,
			);
			runOnlyForDeploymentPostprocessing = 0;
		};
		3B4671271D1641D8009375C4 /* Resources */ = {
			isa = PBXResourcesBuildPhase;
			buildActionMask = 2147483647;
			files = (
				3B4671371D1641D8009375C4 /* LaunchScreen.storyboard in Resources */,
				3B4671341D1641D8009375C4 /* Assets.xcassets in Resources */,
				3B4671321D1641D8009375C4 /* Main.storyboard in Resources */,
			);
			runOnlyForDeploymentPostprocessing = 0;
		};
		3B472CCE1D165070009B70A5 /* Resources */ = {
			isa = PBXResourcesBuildPhase;
			buildActionMask = 2147483647;
			files = (
			);
			runOnlyForDeploymentPostprocessing = 0;
		};
/* End PBXResourcesBuildPhase section */

/* Begin PBXSourcesBuildPhase section */
		3B0AF9361D1680B1001A0B7B /* Sources */ = {
			isa = PBXSourcesBuildPhase;
			buildActionMask = 2147483647;
			files = (
				3B0AF9611D1681C4001A0B7B /* HKSendMessageIntentHandler.swift in Sources */,
				3B0AF93D1D1680B1001A0B7B /* IntentHandler.swift in Sources */,
			);
			runOnlyForDeploymentPostprocessing = 0;
		};
		3B0AF93F1D1680B2001A0B7B /* Sources */ = {
			isa = PBXSourcesBuildPhase;
			buildActionMask = 2147483647;
			files = (
				3B0AF95F1D1680F8001A0B7B /* HKChatViewController.swift in Sources */,
				3B0AF9471D1680B2001A0B7B /* IntentViewController.swift in Sources */,
				3B0AF95E1D1680F8001A0B7B /* HKChatView.swift in Sources */,
			);
			runOnlyForDeploymentPostprocessing = 0;
		};
		3B4671251D1641D8009375C4 /* Sources */ = {
			isa = PBXSourcesBuildPhase;
			buildActionMask = 2147483647;
			files = (
				3B46712F1D1641D8009375C4 /* ViewController.swift in Sources */,
				3B46712D1D1641D8009375C4 /* AppDelegate.swift in Sources */,
			);
			runOnlyForDeploymentPostprocessing = 0;
		};
		3B472CCB1D165070009B70A5 /* Sources */ = {
			isa = PBXSourcesBuildPhase;
			buildActionMask = 2147483647;
			files = (
				3B472CDE1D1650EB009B70A5 /* HoundKitCore.swift in Sources */,
			);
			runOnlyForDeploymentPostprocessing = 0;
		};
/* End PBXSourcesBuildPhase section */

/* Begin PBXTargetDependency section */
		3B0AF94D1D1680B2001A0B7B /* PBXTargetDependency */ = {
			isa = PBXTargetDependency;
			target = 3B0AF9421D1680B2001A0B7B /* HKSiriExtensionUI */;
			targetProxy = 3B0AF94C1D1680B2001A0B7B /* PBXContainerItemProxy */;
		};
		3B0AF9501D1680B2001A0B7B /* PBXTargetDependency */ = {
			isa = PBXTargetDependency;
			target = 3B0AF9391D1680B1001A0B7B /* HKSiriExtension */;
			targetProxy = 3B0AF94F1D1680B2001A0B7B /* PBXContainerItemProxy */;
		};
		3B472CD61D165070009B70A5 /* PBXTargetDependency */ = {
			isa = PBXTargetDependency;
			target = 3B472CCF1D165070009B70A5 /* HoundKitCore */;
			targetProxy = 3B472CD51D165070009B70A5 /* PBXContainerItemProxy */;
		};
/* End PBXTargetDependency section */

/* Begin PBXVariantGroup section */
		3B4671301D1641D8009375C4 /* Main.storyboard */ = {
			isa = PBXVariantGroup;
			children = (
				3B4671311D1641D8009375C4 /* Base */,
			);
			name = Main.storyboard;
			sourceTree = "<group>";
		};
		3B4671351D1641D8009375C4 /* LaunchScreen.storyboard */ = {
			isa = PBXVariantGroup;
			children = (
				3B4671361D1641D8009375C4 /* Base */,
			);
			name = LaunchScreen.storyboard;
			sourceTree = "<group>";
		};
/* End PBXVariantGroup section */

/* Begin XCBuildConfiguration section */
		3B0AF9531D1680B2001A0B7B /* Debug */ = {
			isa = XCBuildConfiguration;
			buildSettings = {
				INFOPLIST_FILE = HKSiriExtensionUI/Info.plist;
				LD_RUNPATH_SEARCH_PATHS = "$(inherited) @executable_path/Frameworks @executable_path/../../Frameworks";
				PRODUCT_BUNDLE_IDENTIFIER = co.colinking.HoundKit.HKSiriExtensionUI;
				PRODUCT_NAME = "$(TARGET_NAME)";
				SKIP_INSTALL = YES;
				SWIFT_VERSION = 3.0;
			};
			name = Debug;
		};
		3B0AF9541D1680B2001A0B7B /* Release */ = {
			isa = XCBuildConfiguration;
			buildSettings = {
				INFOPLIST_FILE = HKSiriExtensionUI/Info.plist;
				LD_RUNPATH_SEARCH_PATHS = "$(inherited) @executable_path/Frameworks @executable_path/../../Frameworks";
				PRODUCT_BUNDLE_IDENTIFIER = co.colinking.HoundKit.HKSiriExtensionUI;
				PRODUCT_NAME = "$(TARGET_NAME)";
				SKIP_INSTALL = YES;
				SWIFT_VERSION = 3.0;
			};
			name = Release;
		};
		3B0AF9561D1680B2001A0B7B /* Debug */ = {
			isa = XCBuildConfiguration;
			buildSettings = {
				INFOPLIST_FILE = HKSiriExtension/Info.plist;
				LD_RUNPATH_SEARCH_PATHS = "$(inherited) @executable_path/Frameworks @executable_path/../../Frameworks";
				PRODUCT_BUNDLE_IDENTIFIER = co.colinking.HoundKit.HKSiriExtension;
				PRODUCT_NAME = "$(TARGET_NAME)";
				SKIP_INSTALL = YES;
				SWIFT_VERSION = 3.0;
			};
			name = Debug;
		};
		3B0AF9571D1680B2001A0B7B /* Release */ = {
			isa = XCBuildConfiguration;
			buildSettings = {
				INFOPLIST_FILE = HKSiriExtension/Info.plist;
				LD_RUNPATH_SEARCH_PATHS = "$(inherited) @executable_path/Frameworks @executable_path/../../Frameworks";
				PRODUCT_BUNDLE_IDENTIFIER = co.colinking.HoundKit.HKSiriExtension;
				PRODUCT_NAME = "$(TARGET_NAME)";
				SKIP_INSTALL = YES;
				SWIFT_VERSION = 3.0;
			};
			name = Release;
		};
		3B4671391D1641D8009375C4 /* Debug */ = {
			isa = XCBuildConfiguration;
			buildSettings = {
				ALWAYS_SEARCH_USER_PATHS = NO;
				CLANG_ANALYZER_NONNULL = YES;
				CLANG_CXX_LANGUAGE_STANDARD = "gnu++0x";
				CLANG_CXX_LIBRARY = "libc++";
				CLANG_ENABLE_MODULES = YES;
				CLANG_ENABLE_OBJC_ARC = YES;
				CLANG_WARN_BOOL_CONVERSION = YES;
				CLANG_WARN_CONSTANT_CONVERSION = YES;
				CLANG_WARN_DIRECT_OBJC_ISA_USAGE = YES_ERROR;
				CLANG_WARN_DOCUMENTATION_COMMENTS = YES;
				CLANG_WARN_EMPTY_BODY = YES;
				CLANG_WARN_ENUM_CONVERSION = YES;
				CLANG_WARN_INT_CONVERSION = YES;
				CLANG_WARN_OBJC_ROOT_CLASS = YES_ERROR;
				CLANG_WARN_UNREACHABLE_CODE = YES;
				CLANG_WARN__DUPLICATE_METHOD_MATCH = YES;
				"CODE_SIGN_IDENTITY[sdk=iphoneos*]" = "iPhone Developer";
				COPY_PHASE_STRIP = NO;
				DEBUG_INFORMATION_FORMAT = dwarf;
				ENABLE_STRICT_OBJC_MSGSEND = YES;
				ENABLE_TESTABILITY = YES;
				GCC_C_LANGUAGE_STANDARD = gnu99;
				GCC_DYNAMIC_NO_PIC = NO;
				GCC_NO_COMMON_BLOCKS = YES;
				GCC_OPTIMIZATION_LEVEL = 0;
				GCC_PREPROCESSOR_DEFINITIONS = (
					"DEBUG=1",
					"$(inherited)",
				);
				GCC_WARN_64_TO_32_BIT_CONVERSION = YES;
				GCC_WARN_ABOUT_RETURN_TYPE = YES_ERROR;
				GCC_WARN_UNDECLARED_SELECTOR = YES;
				GCC_WARN_UNINITIALIZED_AUTOS = YES_AGGRESSIVE;
				GCC_WARN_UNUSED_FUNCTION = YES;
				GCC_WARN_UNUSED_VARIABLE = YES;
				IPHONEOS_DEPLOYMENT_TARGET = 10.0;
				MTL_ENABLE_DEBUG_INFO = YES;
				ONLY_ACTIVE_ARCH = YES;
				SDKROOT = iphoneos;
				SWIFT_ACTIVE_COMPILATION_CONDITIONS = DEBUG;
				SWIFT_OPTIMIZATION_LEVEL = "-Onone";
			};
			name = Debug;
		};
		3B46713A1D1641D8009375C4 /* Release */ = {
			isa = XCBuildConfiguration;
			buildSettings = {
				ALWAYS_SEARCH_USER_PATHS = NO;
				CLANG_ANALYZER_NONNULL = YES;
				CLANG_CXX_LANGUAGE_STANDARD = "gnu++0x";
				CLANG_CXX_LIBRARY = "libc++";
				CLANG_ENABLE_MODULES = YES;
				CLANG_ENABLE_OBJC_ARC = YES;
				CLANG_WARN_BOOL_CONVERSION = YES;
				CLANG_WARN_CONSTANT_CONVERSION = YES;
				CLANG_WARN_DIRECT_OBJC_ISA_USAGE = YES_ERROR;
				CLANG_WARN_DOCUMENTATION_COMMENTS = YES;
				CLANG_WARN_EMPTY_BODY = YES;
				CLANG_WARN_ENUM_CONVERSION = YES;
				CLANG_WARN_INT_CONVERSION = YES;
				CLANG_WARN_OBJC_ROOT_CLASS = YES_ERROR;
				CLANG_WARN_UNREACHABLE_CODE = YES;
				CLANG_WARN__DUPLICATE_METHOD_MATCH = YES;
				"CODE_SIGN_IDENTITY[sdk=iphoneos*]" = "iPhone Developer";
				COPY_PHASE_STRIP = NO;
				DEBUG_INFORMATION_FORMAT = "dwarf-with-dsym";
				ENABLE_NS_ASSERTIONS = NO;
				ENABLE_STRICT_OBJC_MSGSEND = YES;
				GCC_C_LANGUAGE_STANDARD = gnu99;
				GCC_NO_COMMON_BLOCKS = YES;
				GCC_WARN_64_TO_32_BIT_CONVERSION = YES;
				GCC_WARN_ABOUT_RETURN_TYPE = YES_ERROR;
				GCC_WARN_UNDECLARED_SELECTOR = YES;
				GCC_WARN_UNINITIALIZED_AUTOS = YES_AGGRESSIVE;
				GCC_WARN_UNUSED_FUNCTION = YES;
				GCC_WARN_UNUSED_VARIABLE = YES;
				IPHONEOS_DEPLOYMENT_TARGET = 10.0;
				MTL_ENABLE_DEBUG_INFO = NO;
				SDKROOT = iphoneos;
				SWIFT_OPTIMIZATION_LEVEL = "-Owholemodule";
				VALIDATE_PRODUCT = YES;
			};
			name = Release;
		};
		3B46713C1D1641D8009375C4 /* Debug */ = {
			isa = XCBuildConfiguration;
			buildSettings = {
				ALWAYS_EMBED_SWIFT_STANDARD_LIBRARIES = YES;
				ASSETCATALOG_COMPILER_APPICON_NAME = AppIcon;
				INFOPLIST_FILE = HoundKit/Info.plist;
				IPHONEOS_DEPLOYMENT_TARGET = 10.0;
				LD_RUNPATH_SEARCH_PATHS = "$(inherited) @executable_path/Frameworks";
				PRODUCT_BUNDLE_IDENTIFIER = co.colinking.HoundKit;
				PRODUCT_NAME = "$(TARGET_NAME)";
				SWIFT_VERSION = 3.0;
			};
			name = Debug;
		};
		3B46713D1D1641D8009375C4 /* Release */ = {
			isa = XCBuildConfiguration;
			buildSettings = {
				ALWAYS_EMBED_SWIFT_STANDARD_LIBRARIES = YES;
				ASSETCATALOG_COMPILER_APPICON_NAME = AppIcon;
				INFOPLIST_FILE = HoundKit/Info.plist;
				IPHONEOS_DEPLOYMENT_TARGET = 10.0;
				LD_RUNPATH_SEARCH_PATHS = "$(inherited) @executable_path/Frameworks";
				PRODUCT_BUNDLE_IDENTIFIER = co.colinking.HoundKit;
				PRODUCT_NAME = "$(TARGET_NAME)";
				SWIFT_VERSION = 3.0;
			};
			name = Release;
		};
		3B472CD91D165070009B70A5 /* Debug */ = {
			isa = XCBuildConfiguration;
			buildSettings = {
				CLANG_ENABLE_MODULES = YES;
				CURRENT_PROJECT_VERSION = 1;
				DEFINES_MODULE = YES;
				DYLIB_COMPATIBILITY_VERSION = 1;
				DYLIB_CURRENT_VERSION = 1;
				DYLIB_INSTALL_NAME_BASE = "@rpath";
				INFOPLIST_FILE = HoundKitCore/Info.plist;
				INSTALL_PATH = "$(LOCAL_LIBRARY_DIR)/Frameworks";
				LD_RUNPATH_SEARCH_PATHS = "$(inherited) @executable_path/Frameworks @loader_path/Frameworks";
				PRODUCT_BUNDLE_IDENTIFIER = co.colinking.HoundKitCore;
				PRODUCT_NAME = "$(TARGET_NAME)";
				SKIP_INSTALL = YES;
				SWIFT_OPTIMIZATION_LEVEL = "-Onone";
				SWIFT_VERSION = 3.0;
				TARGETED_DEVICE_FAMILY = "1,2";
				VERSIONING_SYSTEM = "apple-generic";
				VERSION_INFO_PREFIX = "";
			};
			name = Debug;
		};
		3B472CDA1D165070009B70A5 /* Release */ = {
			isa = XCBuildConfiguration;
			buildSettings = {
				CLANG_ENABLE_MODULES = YES;
				CURRENT_PROJECT_VERSION = 1;
				DEFINES_MODULE = YES;
				DYLIB_COMPATIBILITY_VERSION = 1;
				DYLIB_CURRENT_VERSION = 1;
				DYLIB_INSTALL_NAME_BASE = "@rpath";
				INFOPLIST_FILE = HoundKitCore/Info.plist;
				INSTALL_PATH = "$(LOCAL_LIBRARY_DIR)/Frameworks";
				LD_RUNPATH_SEARCH_PATHS = "$(inherited) @executable_path/Frameworks @loader_path/Frameworks";
				PRODUCT_BUNDLE_IDENTIFIER = co.colinking.HoundKitCore;
				PRODUCT_NAME = "$(TARGET_NAME)";
				SKIP_INSTALL = YES;
				SWIFT_VERSION = 3.0;
				TARGETED_DEVICE_FAMILY = "1,2";
				VERSIONING_SYSTEM = "apple-generic";
				VERSION_INFO_PREFIX = "";
			};
			name = Release;
		};
/* End XCBuildConfiguration section */

/* Begin XCConfigurationList section */
		3B0AF9521D1680B2001A0B7B /* Build configuration list for PBXNativeTarget "HKSiriExtensionUI" */ = {
			isa = XCConfigurationList;
			buildConfigurations = (
				3B0AF9531D1680B2001A0B7B /* Debug */,
				3B0AF9541D1680B2001A0B7B /* Release */,
			);
			defaultConfigurationIsVisible = 0;
		};
		3B0AF9551D1680B2001A0B7B /* Build configuration list for PBXNativeTarget "HKSiriExtension" */ = {
			isa = XCConfigurationList;
			buildConfigurations = (
				3B0AF9561D1680B2001A0B7B /* Debug */,
				3B0AF9571D1680B2001A0B7B /* Release */,
			);
			defaultConfigurationIsVisible = 0;
		};
		3B4671241D1641D8009375C4 /* Build configuration list for PBXProject "HoundKit" */ = {
			isa = XCConfigurationList;
			buildConfigurations = (
				3B4671391D1641D8009375C4 /* Debug */,
				3B46713A1D1641D8009375C4 /* Release */,
			);
			defaultConfigurationIsVisible = 0;
			defaultConfigurationName = Release;
		};
		3B46713B1D1641D8009375C4 /* Build configuration list for PBXNativeTarget "HoundKit" */ = {
			isa = XCConfigurationList;
			buildConfigurations = (
				3B46713C1D1641D8009375C4 /* Debug */,
				3B46713D1D1641D8009375C4 /* Release */,
			);
			defaultConfigurationIsVisible = 0;
			defaultConfigurationName = Release;
		};
		3B472CDB1D165070009B70A5 /* Build configuration list for PBXNativeTarget "HoundKitCore" */ = {
			isa = XCConfigurationList;
			buildConfigurations = (
				3B472CD91D165070009B70A5 /* Debug */,
				3B472CDA1D165070009B70A5 /* Release */,
			);
			defaultConfigurationIsVisible = 0;
			defaultConfigurationName = Release;
		};
/* End XCConfigurationList section */
	};
	rootObject = 3B4671211D1641D8009375C4 /* Project object */;
}
